
Microsoft Visual Studio Solution File, Format Version 12.00
# Visual Studio Version 16
VisualStudioVersion = 16.0.31320.298
MinimumVisualStudioVersion = 10.0.40219.1
Project("{9A19103F-16F7-4668-BE54-9A1E7A4F7556}") = "WebApi", "WebApi\WebApi.csproj", "{E9D2A6AA-9B0B-4E0A-81B8-F5DEE3702AC6}"
EndProject
Project("{E24C65DC-7377-472B-9ABA-BC803B73C61A}") = "SPA", "..\SPA\", "{11F5F195-13A8-45AE-A282-4538626977AD}"
	ProjectSection(WebsiteProperties) = preProject
		TargetFrameworkMoniker = ".NETFramework,Version%3Dv4.0"
		Debug.AspNetCompiler.VirtualPath = "/localhost_1025"
		Debug.AspNetCompiler.PhysicalPath = "..\SPA\"
		Debug.AspNetCompiler.TargetPath = "PrecompiledWeb\localhost_1025\"
		Debug.AspNetCompiler.Updateable = "true"
		Debug.AspNetCompiler.ForceOverwrite = "true"
		Debug.AspNetCompiler.FixedNames = "false"
		Debug.AspNetCompiler.Debug = "True"
		Release.AspNetCompiler.VirtualPath = "/localhost_1025"
		Release.AspNetCompiler.PhysicalPath = "..\SPA\"
		Release.AspNetCompiler.TargetPath = "PrecompiledWeb\localhost_1025\"
		Release.AspNetCompiler.Updateable = "true"
		Release.AspNetCompiler.ForceOverwrite = "true"
		Release.AspNetCompiler.FixedNames = "false"
		Release.AspNetCompiler.Debug = "False"
		VWDPort = "1025"
		SlnRelativePath = "..\SPA\"
	EndProjectSection
EndProject
Global
	GlobalSection(SolutionConfigurationPlatforms) = preSolution
		Debug|Any CPU = Debug|Any CPU
		Release|Any CPU = Release|Any CPU
	EndGlobalSection
	GlobalSection(ProjectConfigurationPlatforms) = postSolution
		{E9D2A6AA-9B0B-4E0A-81B8-F5DEE3702AC6}.Debug|Any CPU.ActiveCfg = Debug|Any CPU
		{E9D2A6AA-9B0B-4E0A-81B8-F5DEE3702AC6}.Debug|Any CPU.Build.0 = Debug|Any CPU
		{E9D2A6AA-9B0B-4E0A-81B8-F5DEE3702AC6}.Release|Any CPU.ActiveCfg = Release|Any CPU
		{E9D2A6AA-9B0B-4E0A-81B8-F5DEE3702AC6}.Release|Any CPU.Build.0 = Release|Any CPU
		{11F5F195-13A8-45AE-A282-4538626977AD}.Debug|Any CPU.ActiveCfg = Debug|Any CPU
		{11F5F195-13A8-45AE-A282-4538626977AD}.Debug|Any CPU.Build.0 = Debug|Any CPU
		{11F5F195-13A8-45AE-A282-4538626977AD}.Release|Any CPU.ActiveCfg = Debug|Any CPU
		{11F5F195-13A8-45AE-A282-4538626977AD}.Release|Any CPU.Build.0 = Debug|Any CPU
	EndGlobalSection
	GlobalSection(SolutionProperties) = preSolution
		HideSolutionNode = FALSE
	EndGlobalSection
	GlobalSection(ExtensibilityGlobals) = postSolution
		SolutionGuid = {60D04A96-E4A5-43E9-A787-A53431152ABF}
	EndGlobalSection
EndGlobal
